
Microsoft Visual Studio Solution File, Format Version 12.00
# Visual Studio Version 16
VisualStudioVersion = 16.0.31829.152
MinimumVisualStudioVersion = 10.0.40219.1
Project("{FAE04EC0-301F-11D3-BF4B-00C04F79EFBC}") = "ZarAtma", "ZarAtma\ZarAtma.csproj", "{D85DEA86-2F86-49DB-A647-C9F9B900C61A}"
EndProject
Project("{FAE04EC0-301F-11D3-BF4B-00C04F79EFBC}") = "PictureBoxKullanimi", "PictureBoxKullanimi\PictureBoxKullanimi.csproj", "{4E8E5BB0-8217-4A60-8BB6-23B6585E7359}"
EndProject
Global
	GlobalSection(SolutionConfigurationPlatforms) = preSolution
		Debug|Any CPU = Debug|Any CPU
		Release|Any CPU = Release|Any CPU
	EndGlobalSection
	GlobalSection(ProjectConfigurationPlatforms) = postSolution
		{D85DEA86-2F86-49DB-A647-C9F9B900C61A}.Debug|Any CPU.ActiveCfg = Debug|Any CPU
		{D85DEA86-2F86-49DB-A647-C9F9B900C61A}.Debug|Any CPU.Build.0 = Debug|Any CPU
		{D85DEA86-2F86-49DB-A647-C9F9B900C61A}.Release|Any CPU.ActiveCfg = Release|Any CPU
		{D85DEA86-2F86-49DB-A647-C9F9B900C61A}.Release|Any CPU.Build.0 = Release|Any CPU
		{4E8E5BB0-8217-4A60-8BB6-23B6585E7359}.Debug|Any CPU.ActiveCfg = Debug|Any CPU
		{4E8E5BB0-8217-4A60-8BB6-23B6585E7359}.Debug|Any CPU.Build.0 = Debug|Any CPU
		{4E8E5BB0-8217-4A60-8BB6-23B6585E7359}.Release|Any CPU.ActiveCfg = Release|Any CPU
		{4E8E5BB0-8217-4A60-8BB6-23B6585E7359}.Release|Any CPU.Build.0 = Release|Any CPU
	EndGlobalSection
	GlobalSection(SolutionProperties) = preSolution
		HideSolutionNode = FALSE
	EndGlobalSection
	GlobalSection(ExtensibilityGlobals) = postSolution
		SolutionGuid = {BD8F037D-BA92-427A-9777-F682BFE81379}
	EndGlobalSection
EndGlobal
