
Microsoft Visual Studio Solution File, Format Version 12.00
# Visual Studio Version 16
VisualStudioVersion = 16.0.31829.152
MinimumVisualStudioVersion = 10.0.40219.1
Project("{FAE04EC0-301F-11D3-BF4B-00C04F79EFBC}") = "ZarAtma", "ZarAtma\ZarAtma.csproj", "{D85DEA86-2F86-49DB-A647-C9F9B900C61A}"
EndProject
Project("{FAE04EC0-301F-11D3-BF4B-00C04F79EFBC}") = "PictureBoxKullanimi", "PictureBoxKullanimi\PictureBoxKullanimi.csproj", "{4E8E5BB0-8217-4A60-8BB6-23B6585E7359}"
EndProject
Project("{FAE04EC0-301F-11D3-BF4B-00C04F79EFBC}") = "SayiTahminOyunu", "SayiTahminOyunu\SayiTahminOyunu.csproj", "{6E6C2528-4D0F-45C9-BAEB-C30C5D87DD90}"
EndProject
Project("{FAE04EC0-301F-11D3-BF4B-00C04F79EFBC}") = "RadioButtonileIfElse", "RadioButtonileIfElse\RadioButtonileIfElse.csproj", "{B3B28CA6-B4EF-4EE7-AEE9-ECF6500AC4EE}"
EndProject
Project("{FAE04EC0-301F-11D3-BF4B-00C04F79EFBC}") = "IkiTarihArasiniBulma", "IkiTarihArasiniBulma\IkiTarihArasiniBulma.csproj", "{9EE12B7A-83A9-43F2-B4E6-9DAE0382C47B}"
EndProject
Project("{FAE04EC0-301F-11D3-BF4B-00C04F79EFBC}") = "DikdortgenAlanCevre", "DikdortgenAlanCevre\DikdortgenAlanCevre.csproj", "{46E0343A-40EF-421C-A003-FE6527D89583}"
EndProject
Project("{FAE04EC0-301F-11D3-BF4B-00C04F79EFBC}") = "QrKodOlusturma", "QrKodOlusturma\QrKodOlusturma.csproj", "{98895354-48FE-4CD3-B237-F7565B77B9AE}"
EndProject
Project("{FAE04EC0-301F-11D3-BF4B-00C04F79EFBC}") = "KullaniciGirisUygulamasi", "KullaniciGirisUygulamasi\KullaniciGirisUygulamasi.csproj", "{83D36E08-F94D-48FA-8F43-844D2894037E}"
EndProject
Project("{FAE04EC0-301F-11D3-BF4B-00C04F79EFBC}") = "MessageBoxNesnesi", "MessageBoxNesnesi\MessageBoxNesnesi.csproj", "{9A2D31B4-5F26-4A2C-82A2-B67F43E67EDA}"
EndProject
Project("{FAE04EC0-301F-11D3-BF4B-00C04F79EFBC}") = "ModelModelLess", "ModelModelLess\ModelModelLess.csproj", "{A916AD99-C2A3-484F-AEBA-72C2F689526D}"
EndProject
Project("{FAE04EC0-301F-11D3-BF4B-00C04F79EFBC}") = "FormKontrolleri", "FormKontrolleri\FormKontrolleri.csproj", "{7849E4CB-62B2-45FA-8F79-975A3CCB0329}"
EndProject
Project("{FAE04EC0-301F-11D3-BF4B-00C04F79EFBC}") = "DinamikFormElamanlari", "DinamikFormElamanlari\DinamikFormElamanlari.csproj", "{3C63391C-AFD7-4C68-A618-01A9E23B61D6}"
EndProject
Project("{FAE04EC0-301F-11D3-BF4B-00C04F79EFBC}") = "ComboboxInceleme", "ComboboxInceleme\ComboboxInceleme.csproj", "{294E1EA0-E534-4FC4-AAD1-B75E9B199856}"
EndProject
Project("{FAE04EC0-301F-11D3-BF4B-00C04F79EFBC}") = "ListBoxInceleme", "ListBoxInceleme\ListBoxInceleme.csproj", "{6C6B196A-94D6-413D-8E47-644FFD1694D0}"
EndProject
Global
	GlobalSection(SolutionConfigurationPlatforms) = preSolution
		Debug|Any CPU = Debug|Any CPU
		Release|Any CPU = Release|Any CPU
	EndGlobalSection
	GlobalSection(ProjectConfigurationPlatforms) = postSolution
		{D85DEA86-2F86-49DB-A647-C9F9B900C61A}.Debug|Any CPU.ActiveCfg = Debug|Any CPU
		{D85DEA86-2F86-49DB-A647-C9F9B900C61A}.Debug|Any CPU.Build.0 = Debug|Any CPU
		{D85DEA86-2F86-49DB-A647-C9F9B900C61A}.Release|Any CPU.ActiveCfg = Release|Any CPU
		{D85DEA86-2F86-49DB-A647-C9F9B900C61A}.Release|Any CPU.Build.0 = Release|Any CPU
		{4E8E5BB0-8217-4A60-8BB6-23B6585E7359}.Debug|Any CPU.ActiveCfg = Debug|Any CPU
		{4E8E5BB0-8217-4A60-8BB6-23B6585E7359}.Debug|Any CPU.Build.0 = Debug|Any CPU
		{4E8E5BB0-8217-4A60-8BB6-23B6585E7359}.Release|Any CPU.ActiveCfg = Release|Any CPU
		{4E8E5BB0-8217-4A60-8BB6-23B6585E7359}.Release|Any CPU.Build.0 = Release|Any CPU
		{6E6C2528-4D0F-45C9-BAEB-C30C5D87DD90}.Debug|Any CPU.ActiveCfg = Debug|Any CPU
		{6E6C2528-4D0F-45C9-BAEB-C30C5D87DD90}.Debug|Any CPU.Build.0 = Debug|Any CPU
		{6E6C2528-4D0F-45C9-BAEB-C30C5D87DD90}.Release|Any CPU.ActiveCfg = Release|Any CPU
		{6E6C2528-4D0F-45C9-BAEB-C30C5D87DD90}.Release|Any CPU.Build.0 = Release|Any CPU
		{B3B28CA6-B4EF-4EE7-AEE9-ECF6500AC4EE}.Debug|Any CPU.ActiveCfg = Debug|Any CPU
		{B3B28CA6-B4EF-4EE7-AEE9-ECF6500AC4EE}.Debug|Any CPU.Build.0 = Debug|Any CPU
		{B3B28CA6-B4EF-4EE7-AEE9-ECF6500AC4EE}.Release|Any CPU.ActiveCfg = Release|Any CPU
		{B3B28CA6-B4EF-4EE7-AEE9-ECF6500AC4EE}.Release|Any CPU.Build.0 = Release|Any CPU
		{9EE12B7A-83A9-43F2-B4E6-9DAE0382C47B}.Debug|Any CPU.ActiveCfg = Debug|Any CPU
		{9EE12B7A-83A9-43F2-B4E6-9DAE0382C47B}.Debug|Any CPU.Build.0 = Debug|Any CPU
		{9EE12B7A-83A9-43F2-B4E6-9DAE0382C47B}.Release|Any CPU.ActiveCfg = Release|Any CPU
		{9EE12B7A-83A9-43F2-B4E6-9DAE0382C47B}.Release|Any CPU.Build.0 = Release|Any CPU
		{46E0343A-40EF-421C-A003-FE6527D89583}.Debug|Any CPU.ActiveCfg = Debug|Any CPU
		{46E0343A-40EF-421C-A003-FE6527D89583}.Debug|Any CPU.Build.0 = Debug|Any CPU
		{46E0343A-40EF-421C-A003-FE6527D89583}.Release|Any CPU.ActiveCfg = Release|Any CPU
		{46E0343A-40EF-421C-A003-FE6527D89583}.Release|Any CPU.Build.0 = Release|Any CPU
		{98895354-48FE-4CD3-B237-F7565B77B9AE}.Debug|Any CPU.ActiveCfg = Debug|Any CPU
		{98895354-48FE-4CD3-B237-F7565B77B9AE}.Debug|Any CPU.Build.0 = Debug|Any CPU
		{98895354-48FE-4CD3-B237-F7565B77B9AE}.Release|Any CPU.ActiveCfg = Release|Any CPU
		{98895354-48FE-4CD3-B237-F7565B77B9AE}.Release|Any CPU.Build.0 = Release|Any CPU
		{83D36E08-F94D-48FA-8F43-844D2894037E}.Debug|Any CPU.ActiveCfg = Debug|Any CPU
		{83D36E08-F94D-48FA-8F43-844D2894037E}.Debug|Any CPU.Build.0 = Debug|Any CPU
		{83D36E08-F94D-48FA-8F43-844D2894037E}.Release|Any CPU.ActiveCfg = Release|Any CPU
		{83D36E08-F94D-48FA-8F43-844D2894037E}.Release|Any CPU.Build.0 = Release|Any CPU
		{9A2D31B4-5F26-4A2C-82A2-B67F43E67EDA}.Debug|Any CPU.ActiveCfg = Debug|Any CPU
		{9A2D31B4-5F26-4A2C-82A2-B67F43E67EDA}.Debug|Any CPU.Build.0 = Debug|Any CPU
		{9A2D31B4-5F26-4A2C-82A2-B67F43E67EDA}.Release|Any CPU.ActiveCfg = Release|Any CPU
		{9A2D31B4-5F26-4A2C-82A2-B67F43E67EDA}.Release|Any CPU.Build.0 = Release|Any CPU
		{A916AD99-C2A3-484F-AEBA-72C2F689526D}.Debug|Any CPU.ActiveCfg = Debug|Any CPU
		{A916AD99-C2A3-484F-AEBA-72C2F689526D}.Debug|Any CPU.Build.0 = Debug|Any CPU
		{A916AD99-C2A3-484F-AEBA-72C2F689526D}.Release|Any CPU.ActiveCfg = Release|Any CPU
		{A916AD99-C2A3-484F-AEBA-72C2F689526D}.Release|Any CPU.Build.0 = Release|Any CPU
		{7849E4CB-62B2-45FA-8F79-975A3CCB0329}.Debug|Any CPU.ActiveCfg = Debug|Any CPU
		{7849E4CB-62B2-45FA-8F79-975A3CCB0329}.Debug|Any CPU.Build.0 = Debug|Any CPU
		{7849E4CB-62B2-45FA-8F79-975A3CCB0329}.Release|Any CPU.ActiveCfg = Release|Any CPU
		{7849E4CB-62B2-45FA-8F79-975A3CCB0329}.Release|Any CPU.Build.0 = Release|Any CPU
		{3C63391C-AFD7-4C68-A618-01A9E23B61D6}.Debug|Any CPU.ActiveCfg = Debug|Any CPU
		{3C63391C-AFD7-4C68-A618-01A9E23B61D6}.Debug|Any CPU.Build.0 = Debug|Any CPU
		{3C63391C-AFD7-4C68-A618-01A9E23B61D6}.Release|Any CPU.ActiveCfg = Release|Any CPU
		{3C63391C-AFD7-4C68-A618-01A9E23B61D6}.Release|Any CPU.Build.0 = Release|Any CPU
		{294E1EA0-E534-4FC4-AAD1-B75E9B199856}.Debug|Any CPU.ActiveCfg = Debug|Any CPU
		{294E1EA0-E534-4FC4-AAD1-B75E9B199856}.Debug|Any CPU.Build.0 = Debug|Any CPU
		{294E1EA0-E534-4FC4-AAD1-B75E9B199856}.Release|Any CPU.ActiveCfg = Release|Any CPU
		{294E1EA0-E534-4FC4-AAD1-B75E9B199856}.Release|Any CPU.Build.0 = Release|Any CPU
		{6C6B196A-94D6-413D-8E47-644FFD1694D0}.Debug|Any CPU.ActiveCfg = Debug|Any CPU
		{6C6B196A-94D6-413D-8E47-644FFD1694D0}.Debug|Any CPU.Build.0 = Debug|Any CPU
		{6C6B196A-94D6-413D-8E47-644FFD1694D0}.Release|Any CPU.ActiveCfg = Release|Any CPU
		{6C6B196A-94D6-413D-8E47-644FFD1694D0}.Release|Any CPU.Build.0 = Release|Any CPU
	EndGlobalSection
	GlobalSection(SolutionProperties) = preSolution
		HideSolutionNode = FALSE
	EndGlobalSection
	GlobalSection(ExtensibilityGlobals) = postSolution
		SolutionGuid = {BD8F037D-BA92-427A-9777-F682BFE81379}
	EndGlobalSection
EndGlobal
